
Microsoft Visual Studio Solution File, Format Version 12.00
# Visual Studio 15
VisualStudioVersion = 15.0.27703.2026
MinimumVisualStudioVersion = 10.0.40219.1
Project("{FAE04EC0-301F-11D3-BF4B-00C04F79EFBC}") = "sort_csharp", "sort_csharp\sort_csharp.csproj", "{D5361DEC-8AF9-402F-85B6-66F84959322C}"
EndProject
Global
	GlobalSection(SolutionConfigurationPlatforms) = preSolution
		Debug|Any CPU = Debug|Any CPU
		Release|Any CPU = Release|Any CPU
	EndGlobalSection
	GlobalSection(ProjectConfigurationPlatforms) = postSolution
		{D5361DEC-8AF9-402F-85B6-66F84959322C}.Debug|Any CPU.ActiveCfg = Debug|Any CPU
		{D5361DEC-8AF9-402F-85B6-66F84959322C}.Debug|Any CPU.Build.0 = Debug|Any CPU
		{D5361DEC-8AF9-402F-85B6-66F84959322C}.Release|Any CPU.ActiveCfg = Release|Any CPU
		{D5361DEC-8AF9-402F-85B6-66F84959322C}.Release|Any CPU.Build.0 = Release|Any CPU
	EndGlobalSection
	GlobalSection(SolutionProperties) = preSolution
		HideSolutionNode = FALSE
	EndGlobalSection
	GlobalSection(ExtensibilityGlobals) = postSolution
		SolutionGuid = {EDB45F74-034F-4DFE-9E2D-916FD18FEE85}
	EndGlobalSection
EndGlobal
